
Microsoft Visual Studio Solution File, Format Version 12.00
# Visual Studio Version 16
VisualStudioVersion = 16.0.30011.22
MinimumVisualStudioVersion = 10.0.40219.1
Project("{FAE04EC0-301F-11D3-BF4B-00C04F79EFBC}") = "RestaurantRaterAPI", "RestaurantRaterAPI\RestaurantRaterAPI.csproj", "{FBCC9694-66B6-4E52-A2E8-3EED411B817E}"
EndProject
Global
	GlobalSection(SolutionConfigurationPlatforms) = preSolution
		Debug|Any CPU = Debug|Any CPU
		Release|Any CPU = Release|Any CPU
	EndGlobalSection
	GlobalSection(ProjectConfigurationPlatforms) = postSolution
		{FBCC9694-66B6-4E52-A2E8-3EED411B817E}.Debug|Any CPU.ActiveCfg = Debug|Any CPU
		{FBCC9694-66B6-4E52-A2E8-3EED411B817E}.Debug|Any CPU.Build.0 = Debug|Any CPU
		{FBCC9694-66B6-4E52-A2E8-3EED411B817E}.Release|Any CPU.ActiveCfg = Release|Any CPU
		{FBCC9694-66B6-4E52-A2E8-3EED411B817E}.Release|Any CPU.Build.0 = Release|Any CPU
	EndGlobalSection
	GlobalSection(SolutionProperties) = preSolution
		HideSolutionNode = FALSE
	EndGlobalSection
	GlobalSection(ExtensibilityGlobals) = postSolution
		SolutionGuid = {138F7C9E-B092-49FC-862F-B8DC966569C4}
	EndGlobalSection
EndGlobal
